
Microsoft Visual Studio Solution File, Format Version 12.00
# Visual Studio Version 16
VisualStudioVersion = 16.0.30503.244
MinimumVisualStudioVersion = 10.0.40219.1
Project("{FAE04EC0-301F-11D3-BF4B-00C04F79EFBC}") = "BoodschappenApp", "BoodschappenApp\BoodschappenApp.csproj", "{F50BE898-190D-49CE-AEC3-A8B2C7094A12}"
EndProject
Project("{FAE04EC0-301F-11D3-BF4B-00C04F79EFBC}") = "IngredientDB", "IngredientDB\IngredientDB.csproj", "{1B08B927-650C-4EC3-97EC-E48630972326}"
EndProject
Project("{FAE04EC0-301F-11D3-BF4B-00C04F79EFBC}") = "BoodschappenAPI", "BoodschappenAPI\BoodschappenAPI.csproj", "{B4DBFD47-B669-40BC-9663-90B8D6D4083C}"
EndProject
Global
	GlobalSection(SolutionConfigurationPlatforms) = preSolution
		Debug|Any CPU = Debug|Any CPU
		Release|Any CPU = Release|Any CPU
	EndGlobalSection
	GlobalSection(ProjectConfigurationPlatforms) = postSolution
		{F50BE898-190D-49CE-AEC3-A8B2C7094A12}.Debug|Any CPU.ActiveCfg = Debug|Any CPU
		{F50BE898-190D-49CE-AEC3-A8B2C7094A12}.Debug|Any CPU.Build.0 = Debug|Any CPU
		{F50BE898-190D-49CE-AEC3-A8B2C7094A12}.Release|Any CPU.ActiveCfg = Release|Any CPU
		{F50BE898-190D-49CE-AEC3-A8B2C7094A12}.Release|Any CPU.Build.0 = Release|Any CPU
		{1B08B927-650C-4EC3-97EC-E48630972326}.Debug|Any CPU.ActiveCfg = Debug|Any CPU
		{1B08B927-650C-4EC3-97EC-E48630972326}.Debug|Any CPU.Build.0 = Debug|Any CPU
		{1B08B927-650C-4EC3-97EC-E48630972326}.Release|Any CPU.ActiveCfg = Release|Any CPU
		{1B08B927-650C-4EC3-97EC-E48630972326}.Release|Any CPU.Build.0 = Release|Any CPU
		{B4DBFD47-B669-40BC-9663-90B8D6D4083C}.Debug|Any CPU.ActiveCfg = Debug|Any CPU
		{B4DBFD47-B669-40BC-9663-90B8D6D4083C}.Debug|Any CPU.Build.0 = Debug|Any CPU
		{B4DBFD47-B669-40BC-9663-90B8D6D4083C}.Release|Any CPU.ActiveCfg = Release|Any CPU
		{B4DBFD47-B669-40BC-9663-90B8D6D4083C}.Release|Any CPU.Build.0 = Release|Any CPU
	EndGlobalSection
	GlobalSection(SolutionProperties) = preSolution
		HideSolutionNode = FALSE
	EndGlobalSection
	GlobalSection(ExtensibilityGlobals) = postSolution
		SolutionGuid = {5BF764E0-F1CD-4FC0-A2AF-3C17828C5689}
	EndGlobalSection
EndGlobal
